Microsoft Visual Studio Solution File, Format Version 12.00
# Visual Studio Version 17
VisualStudioVersion = 17.5.2.0
MinimumVisualStudioVersion = 10.0.40219.1
Project("{FAE04EC0-301F-11D3-BF4B-00C04F79EFBC}") = "SwtorDailyTool", "SwtorDailyTool.csproj", "{B7947C5E-BCC3-2831-DC54-ACA76AE48C0E}"
EndProject
Global
	GlobalSection(SolutionConfigurationPlatforms) = preSolution
		Debug|Any CPU = Debug|Any CPU
		Release|Any CPU = Release|Any CPU
	EndGlobalSection
	GlobalSection(ProjectConfigurationPlatforms) = postSolution
		{B7947C5E-BCC3-2831-DC54-ACA76AE48C0E}.Debug|Any CPU.ActiveCfg = Debug|Any CPU
		{B7947C5E-BCC3-2831-DC54-ACA76AE48C0E}.Debug|Any CPU.Build.0 = Debug|Any CPU
		{B7947C5E-BCC3-2831-DC54-ACA76AE48C0E}.Release|Any CPU.ActiveCfg = Release|Any CPU
		{B7947C5E-BCC3-2831-DC54-ACA76AE48C0E}.Release|Any CPU.Build.0 = Release|Any CPU
	EndGlobalSection
	GlobalSection(SolutionProperties) = preSolution
		HideSolutionNode = FALSE
	EndGlobalSection
	GlobalSection(ExtensibilityGlobals) = postSolution
		SolutionGuid = {740F7924-6F80-4489-9EA2-21B0CD69630F}
	EndGlobalSection
EndGlobal
